
Microsoft Visual Studio Solution File, Format Version 12.00
# Visual Studio Version 17
VisualStudioVersion = 17.8.34330.188
MinimumVisualStudioVersion = 10.0.40219.1
Project("{8BC9CEB8-8B4A-11D0-8D11-00A0C91BC942}") = "liboni", "liboni.vcxproj", "{0B6B9ACA-75DE-4776-A6CA-B4123ED59F1D}"
EndProject
Project("{8BC9CEB8-8B4A-11D0-8D11-00A0C91BC942}") = "onidriver_xillybus", "drivers\xillybus\onidriver_xillybus.vcxproj", "{D26D81AE-7407-4922-8E13-C3B84EB2B18B}"
EndProject
Project("{8BC9CEB8-8B4A-11D0-8D11-00A0C91BC942}") = "onidriver_riffa", "drivers\riffa\onidriver_riffa.vcxproj", "{2EEE4EEA-F12C-4087-81EF-1EB27CE2036B}"
	ProjectSection(ProjectDependencies) = postProject
		{DD7D202A-C101-4A1A-8D17-674F0A7CA665} = {DD7D202A-C101-4A1A-8D17-674F0A7CA665}
	EndProjectSection
EndProject
Project("{8BC9CEB8-8B4A-11D0-8D11-00A0C91BC942}") = "riffa", "..\..\drivers\riffa\windows\lib\riffa.vcxproj", "{DD7D202A-C101-4A1A-8D17-674F0A7CA665}"
EndProject
Project("{8BC9CEB8-8B4A-11D0-8D11-00A0C91BC942}") = "onidriver_test", "drivers\test\onidriver_test.vcxproj", "{BF4C2065-1261-475D-8D52-021FD58411F0}"
EndProject
Project("{8BC9CEB8-8B4A-11D0-8D11-00A0C91BC942}") = "onidriver_ft600", "drivers\ft600\onidriver_ft600.vcxproj", "{127796BA-A009-43DD-9F0B-295BE0D422B9}"
EndProject
Project("{8BC9CEB8-8B4A-11D0-8D11-00A0C91BC942}") = "onix-loadtest", "onix-loadtest\onix-loadtest.vcxproj", "{936042A1-21E3-4AC0-B337-D8BAA212CB30}"
	ProjectSection(ProjectDependencies) = postProject
		{0B6B9ACA-75DE-4776-A6CA-B4123ED59F1D} = {0B6B9ACA-75DE-4776-A6CA-B4123ED59F1D}
		{2EEE4EEA-F12C-4087-81EF-1EB27CE2036B} = {2EEE4EEA-F12C-4087-81EF-1EB27CE2036B}
	EndProjectSection
EndProject
Project("{8BC9CEB8-8B4A-11D0-8D11-00A0C91BC942}") = "oni-repl", "oni-repl\oni-repl.vcxproj", "{AF71DD49-E598-4E9B-BD71-32796984C811}"
EndProject
Project("{8BC9CEB8-8B4A-11D0-8D11-00A0C91BC942}") = "test", "test\test.vcxproj", "{F2118152-414B-401A-A5F0-964598B8D167}"
EndProject
Global
	GlobalSection(SolutionConfigurationPlatforms) = preSolution
		Debug|x64 = Debug|x64
		Debug|x86 = Debug|x86
		DebugStatic|x64 = DebugStatic|x64
		DebugStatic|x86 = DebugStatic|x86
		Release|x64 = Release|x64
		Release|x86 = Release|x86
		ReleaseStatic|x64 = ReleaseStatic|x64
		ReleaseStatic|x86 = ReleaseStatic|x86
	EndGlobalSection
	GlobalSection(ProjectConfigurationPlatforms) = postSolution
		{0B6B9ACA-75DE-4776-A6CA-B4123ED59F1D}.Debug|x64.ActiveCfg = Debug|x64
		{0B6B9ACA-75DE-4776-A6CA-B4123ED59F1D}.Debug|x64.Build.0 = Debug|x64
		{0B6B9ACA-75DE-4776-A6CA-B4123ED59F1D}.Debug|x86.ActiveCfg = Debug|Win32
		{0B6B9ACA-75DE-4776-A6CA-B4123ED59F1D}.Debug|x86.Build.0 = Debug|Win32
		{0B6B9ACA-75DE-4776-A6CA-B4123ED59F1D}.DebugStatic|x64.ActiveCfg = DebugStatic|x64
		{0B6B9ACA-75DE-4776-A6CA-B4123ED59F1D}.DebugStatic|x64.Build.0 = DebugStatic|x64
		{0B6B9ACA-75DE-4776-A6CA-B4123ED59F1D}.DebugStatic|x86.ActiveCfg = DebugStatic|Win32
		{0B6B9ACA-75DE-4776-A6CA-B4123ED59F1D}.DebugStatic|x86.Build.0 = DebugStatic|Win32
		{0B6B9ACA-75DE-4776-A6CA-B4123ED59F1D}.Release|x64.ActiveCfg = Release|x64
		{0B6B9ACA-75DE-4776-A6CA-B4123ED59F1D}.Release|x64.Build.0 = Release|x64
		{0B6B9ACA-75DE-4776-A6CA-B4123ED59F1D}.Release|x86.ActiveCfg = Release|Win32
		{0B6B9ACA-75DE-4776-A6CA-B4123ED59F1D}.Release|x86.Build.0 = Release|Win32
		{0B6B9ACA-75DE-4776-A6CA-B4123ED59F1D}.ReleaseStatic|x64.ActiveCfg = ReleaseStatic|x64
		{0B6B9ACA-75DE-4776-A6CA-B4123ED59F1D}.ReleaseStatic|x64.Build.0 = ReleaseStatic|x64
		{0B6B9ACA-75DE-4776-A6CA-B4123ED59F1D}.ReleaseStatic|x86.ActiveCfg = ReleaseStatic|Win32
		{0B6B9ACA-75DE-4776-A6CA-B4123ED59F1D}.ReleaseStatic|x86.Build.0 = ReleaseStatic|Win32
		{D26D81AE-7407-4922-8E13-C3B84EB2B18B}.Debug|x64.ActiveCfg = Debug|x64
		{D26D81AE-7407-4922-8E13-C3B84EB2B18B}.Debug|x64.Build.0 = Debug|x64
		{D26D81AE-7407-4922-8E13-C3B84EB2B18B}.Debug|x86.ActiveCfg = Debug|Win32
		{D26D81AE-7407-4922-8E13-C3B84EB2B18B}.Debug|x86.Build.0 = Debug|Win32
		{D26D81AE-7407-4922-8E13-C3B84EB2B18B}.DebugStatic|x64.ActiveCfg = Debug|x64
		{D26D81AE-7407-4922-8E13-C3B84EB2B18B}.DebugStatic|x64.Build.0 = Debug|x64
		{D26D81AE-7407-4922-8E13-C3B84EB2B18B}.DebugStatic|x86.ActiveCfg = Debug|Win32
		{D26D81AE-7407-4922-8E13-C3B84EB2B18B}.DebugStatic|x86.Build.0 = Debug|Win32
		{D26D81AE-7407-4922-8E13-C3B84EB2B18B}.Release|x64.ActiveCfg = Release|x64
		{D26D81AE-7407-4922-8E13-C3B84EB2B18B}.Release|x64.Build.0 = Release|x64
		{D26D81AE-7407-4922-8E13-C3B84EB2B18B}.Release|x86.ActiveCfg = Release|Win32
		{D26D81AE-7407-4922-8E13-C3B84EB2B18B}.Release|x86.Build.0 = Release|Win32
		{D26D81AE-7407-4922-8E13-C3B84EB2B18B}.ReleaseStatic|x64.ActiveCfg = Release|x64
		{D26D81AE-7407-4922-8E13-C3B84EB2B18B}.ReleaseStatic|x64.Build.0 = Release|x64
		{D26D81AE-7407-4922-8E13-C3B84EB2B18B}.ReleaseStatic|x86.ActiveCfg = Release|Win32
		{D26D81AE-7407-4922-8E13-C3B84EB2B18B}.ReleaseStatic|x86.Build.0 = Release|Win32
		{2EEE4EEA-F12C-4087-81EF-1EB27CE2036B}.Debug|x64.ActiveCfg = Debug|x64
		{2EEE4EEA-F12C-4087-81EF-1EB27CE2036B}.Debug|x64.Build.0 = Debug|x64
		{2EEE4EEA-F12C-4087-81EF-1EB27CE2036B}.Debug|x86.ActiveCfg = Debug|Win32
		{2EEE4EEA-F12C-4087-81EF-1EB27CE2036B}.Debug|x86.Build.0 = Debug|Win32
		{2EEE4EEA-F12C-4087-81EF-1EB27CE2036B}.DebugStatic|x64.ActiveCfg = Debug|x64
		{2EEE4EEA-F12C-4087-81EF-1EB27CE2036B}.DebugStatic|x64.Build.0 = Debug|x64
		{2EEE4EEA-F12C-4087-81EF-1EB27CE2036B}.DebugStatic|x86.ActiveCfg = Debug|Win32
		{2EEE4EEA-F12C-4087-81EF-1EB27CE2036B}.DebugStatic|x86.Build.0 = Debug|Win32
		{2EEE4EEA-F12C-4087-81EF-1EB27CE2036B}.Release|x64.ActiveCfg = Release|x64
		{2EEE4EEA-F12C-4087-81EF-1EB27CE2036B}.Release|x64.Build.0 = Release|x64
		{2EEE4EEA-F12C-4087-81EF-1EB27CE2036B}.Release|x86.ActiveCfg = Release|Win32
		{2EEE4EEA-F12C-4087-81EF-1EB27CE2036B}.Release|x86.Build.0 = Release|Win32
		{2EEE4EEA-F12C-4087-81EF-1EB27CE2036B}.ReleaseStatic|x64.ActiveCfg = Release|x64
		{2EEE4EEA-F12C-4087-81EF-1EB27CE2036B}.ReleaseStatic|x64.Build.0 = Release|x64
		{2EEE4EEA-F12C-4087-81EF-1EB27CE2036B}.ReleaseStatic|x86.ActiveCfg = Release|Win32
		{2EEE4EEA-F12C-4087-81EF-1EB27CE2036B}.ReleaseStatic|x86.Build.0 = Release|Win32
		{DD7D202A-C101-4A1A-8D17-674F0A7CA665}.Debug|x64.ActiveCfg = Debug|x64
		{DD7D202A-C101-4A1A-8D17-674F0A7CA665}.Debug|x64.Build.0 = Debug|x64
		{DD7D202A-C101-4A1A-8D17-674F0A7CA665}.Debug|x86.ActiveCfg = Debug|Win32
		{DD7D202A-C101-4A1A-8D17-674F0A7CA665}.Debug|x86.Build.0 = Debug|Win32
		{DD7D202A-C101-4A1A-8D17-674F0A7CA665}.DebugStatic|x64.ActiveCfg = Debug|x64
		{DD7D202A-C101-4A1A-8D17-674F0A7CA665}.DebugStatic|x64.Build.0 = Debug|x64
		{DD7D202A-C101-4A1A-8D17-674F0A7CA665}.DebugStatic|x86.ActiveCfg = Debug|Win32
		{DD7D202A-C101-4A1A-8D17-674F0A7CA665}.DebugStatic|x86.Build.0 = Debug|Win32
		{DD7D202A-C101-4A1A-8D17-674F0A7CA665}.Release|x64.ActiveCfg = Release|x64
		{DD7D202A-C101-4A1A-8D17-674F0A7CA665}.Release|x64.Build.0 = Release|x64
		{DD7D202A-C101-4A1A-8D17-674F0A7CA665}.Release|x86.ActiveCfg = Release|Win32
		{DD7D202A-C101-4A1A-8D17-674F0A7CA665}.Release|x86.Build.0 = Release|Win32
		{DD7D202A-C101-4A1A-8D17-674F0A7CA665}.ReleaseStatic|x64.ActiveCfg = Release|x64
		{DD7D202A-C101-4A1A-8D17-674F0A7CA665}.ReleaseStatic|x64.Build.0 = Release|x64
		{DD7D202A-C101-4A1A-8D17-674F0A7CA665}.ReleaseStatic|x86.ActiveCfg = Release|Win32
		{DD7D202A-C101-4A1A-8D17-674F0A7CA665}.ReleaseStatic|x86.Build.0 = Release|Win32
		{BF4C2065-1261-475D-8D52-021FD58411F0}.Debug|x64.ActiveCfg = Debug|x64
		{BF4C2065-1261-475D-8D52-021FD58411F0}.Debug|x64.Build.0 = Debug|x64
		{BF4C2065-1261-475D-8D52-021FD58411F0}.Debug|x86.ActiveCfg = Debug|Win32
		{BF4C2065-1261-475D-8D52-021FD58411F0}.Debug|x86.Build.0 = Debug|Win32
		{BF4C2065-1261-475D-8D52-021FD58411F0}.DebugStatic|x64.ActiveCfg = Debug|x64
		{BF4C2065-1261-475D-8D52-021FD58411F0}.DebugStatic|x64.Build.0 = Debug|x64
		{BF4C2065-1261-475D-8D52-021FD58411F0}.DebugStatic|x86.ActiveCfg = Debug|Win32
		{BF4C2065-1261-475D-8D52-021FD58411F0}.DebugStatic|x86.Build.0 = Debug|Win32
		{BF4C2065-1261-475D-8D52-021FD58411F0}.Release|x64.ActiveCfg = Release|x64
		{BF4C2065-1261-475D-8D52-021FD58411F0}.Release|x64.Build.0 = Release|x64
		{BF4C2065-1261-475D-8D52-021FD58411F0}.Release|x86.ActiveCfg = Release|Win32
		{BF4C2065-1261-475D-8D52-021FD58411F0}.Release|x86.Build.0 = Release|Win32
		{BF4C2065-1261-475D-8D52-021FD58411F0}.ReleaseStatic|x64.ActiveCfg = Release|x64
		{BF4C2065-1261-475D-8D52-021FD58411F0}.ReleaseStatic|x64.Build.0 = Release|x64
		{BF4C2065-1261-475D-8D52-021FD58411F0}.ReleaseStatic|x86.ActiveCfg = Release|Win32
		{BF4C2065-1261-475D-8D52-021FD58411F0}.ReleaseStatic|x86.Build.0 = Release|Win32
		{127796BA-A009-43DD-9F0B-295BE0D422B9}.Debug|x64.ActiveCfg = Debug|x64
		{127796BA-A009-43DD-9F0B-295BE0D422B9}.Debug|x64.Build.0 = Debug|x64
		{127796BA-A009-43DD-9F0B-295BE0D422B9}.Debug|x86.ActiveCfg = Debug|Win32
		{127796BA-A009-43DD-9F0B-295BE0D422B9}.Debug|x86.Build.0 = Debug|Win32
		{127796BA-A009-43DD-9F0B-295BE0D422B9}.DebugStatic|x64.ActiveCfg = Debug|x64
		{127796BA-A009-43DD-9F0B-295BE0D422B9}.DebugStatic|x64.Build.0 = Debug|x64
		{127796BA-A009-43DD-9F0B-295BE0D422B9}.DebugStatic|x86.ActiveCfg = Debug|Win32
		{127796BA-A009-43DD-9F0B-295BE0D422B9}.DebugStatic|x86.Build.0 = Debug|Win32
		{127796BA-A009-43DD-9F0B-295BE0D422B9}.Release|x64.ActiveCfg = Release|x64
		{127796BA-A009-43DD-9F0B-295BE0D422B9}.Release|x64.Build.0 = Release|x64
		{127796BA-A009-43DD-9F0B-295BE0D422B9}.Release|x86.ActiveCfg = Release|Win32
		{127796BA-A009-43DD-9F0B-295BE0D422B9}.Release|x86.Build.0 = Release|Win32
		{127796BA-A009-43DD-9F0B-295BE0D422B9}.ReleaseStatic|x64.ActiveCfg = Release|x64
		{127796BA-A009-43DD-9F0B-295BE0D422B9}.ReleaseStatic|x64.Build.0 = Release|x64
		{127796BA-A009-43DD-9F0B-295BE0D422B9}.ReleaseStatic|x86.ActiveCfg = Release|Win32
		{127796BA-A009-43DD-9F0B-295BE0D422B9}.ReleaseStatic|x86.Build.0 = Release|Win32
		{936042A1-21E3-4AC0-B337-D8BAA212CB30}.Debug|x64.ActiveCfg = Debug|x64
		{936042A1-21E3-4AC0-B337-D8BAA212CB30}.Debug|x64.Build.0 = Debug|x64
		{936042A1-21E3-4AC0-B337-D8BAA212CB30}.Debug|x86.ActiveCfg = Debug|Win32
		{936042A1-21E3-4AC0-B337-D8BAA212CB30}.Debug|x86.Build.0 = Debug|Win32
		{936042A1-21E3-4AC0-B337-D8BAA212CB30}.DebugStatic|x64.ActiveCfg = Debug|x64
		{936042A1-21E3-4AC0-B337-D8BAA212CB30}.DebugStatic|x64.Build.0 = Debug|x64
		{936042A1-21E3-4AC0-B337-D8BAA212CB30}.DebugStatic|x86.ActiveCfg = Debug|Win32
		{936042A1-21E3-4AC0-B337-D8BAA212CB30}.DebugStatic|x86.Build.0 = Debug|Win32
		{936042A1-21E3-4AC0-B337-D8BAA212CB30}.Release|x64.ActiveCfg = Release|x64
		{936042A1-21E3-4AC0-B337-D8BAA212CB30}.Release|x64.Build.0 = Release|x64
		{936042A1-21E3-4AC0-B337-D8BAA212CB30}.Release|x86.ActiveCfg = Release|Win32
		{936042A1-21E3-4AC0-B337-D8BAA212CB30}.Release|x86.Build.0 = Release|Win32
		{936042A1-21E3-4AC0-B337-D8BAA212CB30}.ReleaseStatic|x64.ActiveCfg = Release|x64
		{936042A1-21E3-4AC0-B337-D8BAA212CB30}.ReleaseStatic|x64.Build.0 = Release|x64
		{936042A1-21E3-4AC0-B337-D8BAA212CB30}.ReleaseStatic|x86.ActiveCfg = Release|Win32
		{936042A1-21E3-4AC0-B337-D8BAA212CB30}.ReleaseStatic|x86.Build.0 = Release|Win32
		{AF71DD49-E598-4E9B-BD71-32796984C811}.Debug|x64.ActiveCfg = Debug|x64
		{AF71DD49-E598-4E9B-BD71-32796984C811}.Debug|x64.Build.0 = Debug|x64
		{AF71DD49-E598-4E9B-BD71-32796984C811}.Debug|x86.ActiveCfg = Debug|Win32
		{AF71DD49-E598-4E9B-BD71-32796984C811}.Debug|x86.Build.0 = Debug|Win32
		{AF71DD49-E598-4E9B-BD71-32796984C811}.DebugStatic|x64.ActiveCfg = Debug|x64
		{AF71DD49-E598-4E9B-BD71-32796984C811}.DebugStatic|x64.Build.0 = Debug|x64
		{AF71DD49-E598-4E9B-BD71-32796984C811}.DebugStatic|x86.ActiveCfg = Debug|Win32
		{AF71DD49-E598-4E9B-BD71-32796984C811}.DebugStatic|x86.Build.0 = Debug|Win32
		{AF71DD49-E598-4E9B-BD71-32796984C811}.Release|x64.ActiveCfg = Release|x64
		{AF71DD49-E598-4E9B-BD71-32796984C811}.Release|x64.Build.0 = Release|x64
		{AF71DD49-E598-4E9B-BD71-32796984C811}.Release|x86.ActiveCfg = Release|Win32
		{AF71DD49-E598-4E9B-BD71-32796984C811}.Release|x86.Build.0 = Release|Win32
		{AF71DD49-E598-4E9B-BD71-32796984C811}.ReleaseStatic|x64.ActiveCfg = Release|x64
		{AF71DD49-E598-4E9B-BD71-32796984C811}.ReleaseStatic|x64.Build.0 = Release|x64
		{AF71DD49-E598-4E9B-BD71-32796984C811}.ReleaseStatic|x86.ActiveCfg = Release|Win32
		{AF71DD49-E598-4E9B-BD71-32796984C811}.ReleaseStatic|x86.Build.0 = Release|Win32
		{F2118152-414B-401A-A5F0-964598B8D167}.Debug|x64.ActiveCfg = Debug|x64
		{F2118152-414B-401A-A5F0-964598B8D167}.Debug|x64.Build.0 = Debug|x64
		{F2118152-414B-401A-A5F0-964598B8D167}.Debug|x86.ActiveCfg = Debug|Win32
		{F2118152-414B-401A-A5F0-964598B8D167}.Debug|x86.Build.0 = Debug|Win32
		{F2118152-414B-401A-A5F0-964598B8D167}.DebugStatic|x64.ActiveCfg = Debug|x64
		{F2118152-414B-401A-A5F0-964598B8D167}.DebugStatic|x64.Build.0 = Debug|x64
		{F2118152-414B-401A-A5F0-964598B8D167}.DebugStatic|x86.ActiveCfg = Debug|Win32
		{F2118152-414B-401A-A5F0-964598B8D167}.DebugStatic|x86.Build.0 = Debug|Win32
		{F2118152-414B-401A-A5F0-964598B8D167}.Release|x64.ActiveCfg = Release|x64
		{F2118152-414B-401A-A5F0-964598B8D167}.Release|x64.Build.0 = Release|x64
		{F2118152-414B-401A-A5F0-964598B8D167}.Release|x86.ActiveCfg = Release|Win32
		{F2118152-414B-401A-A5F0-964598B8D167}.Release|x86.Build.0 = Release|Win32
		{F2118152-414B-401A-A5F0-964598B8D167}.ReleaseStatic|x64.ActiveCfg = Release|x64
		{F2118152-414B-401A-A5F0-964598B8D167}.ReleaseStatic|x64.Build.0 = Release|x64
		{F2118152-414B-401A-A5F0-964598B8D167}.ReleaseStatic|x86.ActiveCfg = Release|Win32
		{F2118152-414B-401A-A5F0-964598B8D167}.ReleaseStatic|x86.Build.0 = Release|Win32
	EndGlobalSection
	GlobalSection(SolutionProperties) = preSolution
		HideSolutionNode = FALSE
	EndGlobalSection
	GlobalSection(ExtensibilityGlobals) = postSolution
		SolutionGuid = {9006B8A4-FE0D-4DAC-9D35-698AC8D8D821}
	EndGlobalSection
EndGlobal
